
Microsoft Visual Studio Solution File, Format Version 12.00
# Visual Studio 2013
VisualStudioVersion = 12.0.30723.0
MinimumVisualStudioVersion = 10.0.40219.1
Project("{FAE04EC0-301F-11D3-BF4B-00C04F79EFBC}") = "ShareFile.Api.Client.Core-portable", "Core\ShareFile.Api.Client.Core-portable.csproj", "{8BAE1E9D-38A2-47CE-87C5-47D84DEE4EDF}"
EndProject
Project("{FAE04EC0-301F-11D3-BF4B-00C04F79EFBC}") = "ShareFile.Api.Client.Core.Tests", "Tests\ShareFile.Api.Client.Core.Tests\ShareFile.Api.Client.Core.Tests.csproj", "{C0ED01C3-56BF-4F15-BD51-A7588CAB8C88}"
EndProject
Project("{FAE04EC0-301F-11D3-BF4B-00C04F79EFBC}") = "ShareFile.Api.Client.Core.Internal-portable", "Core\ShareFile.Api.Client.Core.Internal-portable.csproj", "{F04E61B2-5FCA-4AF5-B319-B523FEACF33A}"
EndProject
Global
	GlobalSection(SolutionConfigurationPlatforms) = preSolution
		BetaRelease|Any CPU = BetaRelease|Any CPU
		Debug|Any CPU = Debug|Any CPU
		Release|Any CPU = Release|Any CPU
	EndGlobalSection
	GlobalSection(ProjectConfigurationPlatforms) = postSolution
		{8BAE1E9D-38A2-47CE-87C5-47D84DEE4EDF}.BetaRelease|Any CPU.ActiveCfg = BetaRelease|Any CPU
		{8BAE1E9D-38A2-47CE-87C5-47D84DEE4EDF}.BetaRelease|Any CPU.Build.0 = BetaRelease|Any CPU
		{8BAE1E9D-38A2-47CE-87C5-47D84DEE4EDF}.Debug|Any CPU.ActiveCfg = Debug|Any CPU
		{8BAE1E9D-38A2-47CE-87C5-47D84DEE4EDF}.Debug|Any CPU.Build.0 = Debug|Any CPU
		{8BAE1E9D-38A2-47CE-87C5-47D84DEE4EDF}.Release|Any CPU.ActiveCfg = Release|Any CPU
		{8BAE1E9D-38A2-47CE-87C5-47D84DEE4EDF}.Release|Any CPU.Build.0 = Release|Any CPU
		{C0ED01C3-56BF-4F15-BD51-A7588CAB8C88}.BetaRelease|Any CPU.ActiveCfg = Release|Any CPU
		{C0ED01C3-56BF-4F15-BD51-A7588CAB8C88}.BetaRelease|Any CPU.Build.0 = Release|Any CPU
		{C0ED01C3-56BF-4F15-BD51-A7588CAB8C88}.Debug|Any CPU.ActiveCfg = Debug|Any CPU
		{C0ED01C3-56BF-4F15-BD51-A7588CAB8C88}.Debug|Any CPU.Build.0 = Debug|Any CPU
		{C0ED01C3-56BF-4F15-BD51-A7588CAB8C88}.Release|Any CPU.ActiveCfg = Release|Any CPU
		{C0ED01C3-56BF-4F15-BD51-A7588CAB8C88}.Release|Any CPU.Build.0 = Release|Any CPU
		{F04E61B2-5FCA-4AF5-B319-B523FEACF33A}.BetaRelease|Any CPU.ActiveCfg = BetaRelease|Any CPU
		{F04E61B2-5FCA-4AF5-B319-B523FEACF33A}.BetaRelease|Any CPU.Build.0 = BetaRelease|Any CPU
		{F04E61B2-5FCA-4AF5-B319-B523FEACF33A}.Debug|Any CPU.ActiveCfg = Debug|Any CPU
		{F04E61B2-5FCA-4AF5-B319-B523FEACF33A}.Debug|Any CPU.Build.0 = Debug|Any CPU
		{F04E61B2-5FCA-4AF5-B319-B523FEACF33A}.Release|Any CPU.ActiveCfg = Release|Any CPU
		{F04E61B2-5FCA-4AF5-B319-B523FEACF33A}.Release|Any CPU.Build.0 = Release|Any CPU
	EndGlobalSection
	GlobalSection(SolutionProperties) = preSolution
		HideSolutionNode = FALSE
	EndGlobalSection
EndGlobal
