
Microsoft Visual Studio Solution File, Format Version 12.00
# Visual Studio 14
VisualStudioVersion = 14.0.24720.0
MinimumVisualStudioVersion = 10.0.40219.1
Project("{FAE04EC0-301F-11D3-BF4B-00C04F79EFBC}") = "ShareFile.Api.Client.Tests", "tests\ShareFile.Api.Client.Tests\ShareFile.Api.Client.Tests.csproj", "{C0ED01C3-56BF-4F15-BD51-A7588CAB8C88}"
EndProject
Project("{FAE04EC0-301F-11D3-BF4B-00C04F79EFBC}") = "ShareFile.Api.Client-net45", "src\ShareFile.Api.Client.Csproj\ShareFile.Api.Client-net45.csproj", "{5ADB6950-D609-4847-A842-0BDD6CDBBFB9}"
EndProject
Project("{FAE04EC0-301F-11D3-BF4B-00C04F79EFBC}") = "ShareFile.Api.Client-net40", "src\ShareFile.Api.Client.Csproj\ShareFile.Api.Client-net40.csproj", "{ADF05D45-5BED-42C0-8801-4995A57B9896}"
EndProject
Global
	GlobalSection(SolutionConfigurationPlatforms) = preSolution
		Debug|Any CPU = Debug|Any CPU
		Debug|ARM = Debug|ARM
		Debug|x64 = Debug|x64
		Debug|x86 = Debug|x86
		Release|Any CPU = Release|Any CPU
		Release|ARM = Release|ARM
		Release|x64 = Release|x64
		Release|x86 = Release|x86
	EndGlobalSection
	GlobalSection(ProjectConfigurationPlatforms) = postSolution
		{C0ED01C3-56BF-4F15-BD51-A7588CAB8C88}.Debug|Any CPU.ActiveCfg = Debug|Any CPU
		{C0ED01C3-56BF-4F15-BD51-A7588CAB8C88}.Debug|Any CPU.Build.0 = Debug|Any CPU
		{C0ED01C3-56BF-4F15-BD51-A7588CAB8C88}.Debug|ARM.ActiveCfg = Debug|Any CPU
		{C0ED01C3-56BF-4F15-BD51-A7588CAB8C88}.Debug|ARM.Build.0 = Debug|Any CPU
		{C0ED01C3-56BF-4F15-BD51-A7588CAB8C88}.Debug|x64.ActiveCfg = Debug|Any CPU
		{C0ED01C3-56BF-4F15-BD51-A7588CAB8C88}.Debug|x64.Build.0 = Debug|Any CPU
		{C0ED01C3-56BF-4F15-BD51-A7588CAB8C88}.Debug|x86.ActiveCfg = Debug|Any CPU
		{C0ED01C3-56BF-4F15-BD51-A7588CAB8C88}.Debug|x86.Build.0 = Debug|Any CPU
		{C0ED01C3-56BF-4F15-BD51-A7588CAB8C88}.Release|Any CPU.ActiveCfg = Release|Any CPU
		{C0ED01C3-56BF-4F15-BD51-A7588CAB8C88}.Release|Any CPU.Build.0 = Release|Any CPU
		{C0ED01C3-56BF-4F15-BD51-A7588CAB8C88}.Release|ARM.ActiveCfg = Release|Any CPU
		{C0ED01C3-56BF-4F15-BD51-A7588CAB8C88}.Release|ARM.Build.0 = Release|Any CPU
		{C0ED01C3-56BF-4F15-BD51-A7588CAB8C88}.Release|x64.ActiveCfg = Release|Any CPU
		{C0ED01C3-56BF-4F15-BD51-A7588CAB8C88}.Release|x64.Build.0 = Release|Any CPU
		{C0ED01C3-56BF-4F15-BD51-A7588CAB8C88}.Release|x86.ActiveCfg = Release|Any CPU
		{C0ED01C3-56BF-4F15-BD51-A7588CAB8C88}.Release|x86.Build.0 = Release|Any CPU
		{5ADB6950-D609-4847-A842-0BDD6CDBBFB9}.Debug|Any CPU.ActiveCfg = Debug|Any CPU
		{5ADB6950-D609-4847-A842-0BDD6CDBBFB9}.Debug|Any CPU.Build.0 = Debug|Any CPU
		{5ADB6950-D609-4847-A842-0BDD6CDBBFB9}.Debug|ARM.ActiveCfg = Debug|Any CPU
		{5ADB6950-D609-4847-A842-0BDD6CDBBFB9}.Debug|ARM.Build.0 = Debug|Any CPU
		{5ADB6950-D609-4847-A842-0BDD6CDBBFB9}.Debug|x64.ActiveCfg = Debug|Any CPU
		{5ADB6950-D609-4847-A842-0BDD6CDBBFB9}.Debug|x64.Build.0 = Debug|Any CPU
		{5ADB6950-D609-4847-A842-0BDD6CDBBFB9}.Debug|x86.ActiveCfg = Debug|Any CPU
		{5ADB6950-D609-4847-A842-0BDD6CDBBFB9}.Debug|x86.Build.0 = Debug|Any CPU
		{5ADB6950-D609-4847-A842-0BDD6CDBBFB9}.Release|Any CPU.ActiveCfg = Release|Any CPU
		{5ADB6950-D609-4847-A842-0BDD6CDBBFB9}.Release|Any CPU.Build.0 = Release|Any CPU
		{5ADB6950-D609-4847-A842-0BDD6CDBBFB9}.Release|ARM.ActiveCfg = Release|Any CPU
		{5ADB6950-D609-4847-A842-0BDD6CDBBFB9}.Release|ARM.Build.0 = Release|Any CPU
		{5ADB6950-D609-4847-A842-0BDD6CDBBFB9}.Release|x64.ActiveCfg = Release|Any CPU
		{5ADB6950-D609-4847-A842-0BDD6CDBBFB9}.Release|x64.Build.0 = Release|Any CPU
		{5ADB6950-D609-4847-A842-0BDD6CDBBFB9}.Release|x86.ActiveCfg = Release|Any CPU
		{5ADB6950-D609-4847-A842-0BDD6CDBBFB9}.Release|x86.Build.0 = Release|Any CPU
		{ADF05D45-5BED-42C0-8801-4995A57B9896}.Debug|Any CPU.ActiveCfg = Debug|Any CPU
		{ADF05D45-5BED-42C0-8801-4995A57B9896}.Debug|Any CPU.Build.0 = Debug|Any CPU
		{ADF05D45-5BED-42C0-8801-4995A57B9896}.Debug|ARM.ActiveCfg = Debug|Any CPU
		{ADF05D45-5BED-42C0-8801-4995A57B9896}.Debug|ARM.Build.0 = Debug|Any CPU
		{ADF05D45-5BED-42C0-8801-4995A57B9896}.Debug|x64.ActiveCfg = Debug|Any CPU
		{ADF05D45-5BED-42C0-8801-4995A57B9896}.Debug|x64.Build.0 = Debug|Any CPU
		{ADF05D45-5BED-42C0-8801-4995A57B9896}.Debug|x86.ActiveCfg = Debug|Any CPU
		{ADF05D45-5BED-42C0-8801-4995A57B9896}.Debug|x86.Build.0 = Debug|Any CPU
		{ADF05D45-5BED-42C0-8801-4995A57B9896}.Release|Any CPU.ActiveCfg = Release|Any CPU
		{ADF05D45-5BED-42C0-8801-4995A57B9896}.Release|Any CPU.Build.0 = Release|Any CPU
		{ADF05D45-5BED-42C0-8801-4995A57B9896}.Release|ARM.ActiveCfg = Release|Any CPU
		{ADF05D45-5BED-42C0-8801-4995A57B9896}.Release|ARM.Build.0 = Release|Any CPU
		{ADF05D45-5BED-42C0-8801-4995A57B9896}.Release|x64.ActiveCfg = Release|Any CPU
		{ADF05D45-5BED-42C0-8801-4995A57B9896}.Release|x64.Build.0 = Release|Any CPU
		{ADF05D45-5BED-42C0-8801-4995A57B9896}.Release|x86.ActiveCfg = Release|Any CPU
		{ADF05D45-5BED-42C0-8801-4995A57B9896}.Release|x86.Build.0 = Release|Any CPU
	EndGlobalSection
	GlobalSection(SolutionProperties) = preSolution
		HideSolutionNode = FALSE
	EndGlobalSection
EndGlobal
